
Microsoft Visual Studio Solution File, Format Version 12.00
# Visual Studio Version 17
VisualStudioVersion = 17.3.32929.385
MinimumVisualStudioVersion = 10.0.40219.1
Project("{9A19103F-16F7-4668-BE54-9A1E7A4F7556}") = "PasswordManager", "PasswordManager\PasswordManager.csproj", "{017EB75E-1938-41FB-A1E5-090F9919B4DD}"
EndProject
Project("{8BC9CEB8-8B4A-11D0-8D11-00A0C91BC942}") = "DatabaseCryptLibrary", "PasswordManager\DatabaseCryptLibrary\DatabaseCryptLibrary.vcxproj", "{03D99C52-E4E7-4A73-BC0B-C421D854A34C}"
EndProject
Global
	GlobalSection(SolutionConfigurationPlatforms) = preSolution
		Debug|Any CPU = Debug|Any CPU
		Debug|x64 = Debug|x64
		Debug|x86 = Debug|x86
		Release|Any CPU = Release|Any CPU
		Release|x64 = Release|x64
		Release|x86 = Release|x86
		Test|Any CPU = Test|Any CPU
		Test|x64 = Test|x64
		Test|x86 = Test|x86
	EndGlobalSection
	GlobalSection(ProjectConfigurationPlatforms) = postSolution
		{017EB75E-1938-41FB-A1E5-090F9919B4DD}.Debug|Any CPU.ActiveCfg = Debug|Any CPU
		{017EB75E-1938-41FB-A1E5-090F9919B4DD}.Debug|Any CPU.Build.0 = Debug|Any CPU
		{017EB75E-1938-41FB-A1E5-090F9919B4DD}.Debug|x64.ActiveCfg = Debug|Any CPU
		{017EB75E-1938-41FB-A1E5-090F9919B4DD}.Debug|x64.Build.0 = Debug|Any CPU
		{017EB75E-1938-41FB-A1E5-090F9919B4DD}.Debug|x86.ActiveCfg = Debug|Any CPU
		{017EB75E-1938-41FB-A1E5-090F9919B4DD}.Debug|x86.Build.0 = Debug|Any CPU
		{017EB75E-1938-41FB-A1E5-090F9919B4DD}.Release|Any CPU.ActiveCfg = Release|Any CPU
		{017EB75E-1938-41FB-A1E5-090F9919B4DD}.Release|Any CPU.Build.0 = Release|Any CPU
		{017EB75E-1938-41FB-A1E5-090F9919B4DD}.Release|x64.ActiveCfg = Release|Any CPU
		{017EB75E-1938-41FB-A1E5-090F9919B4DD}.Release|x64.Build.0 = Release|Any CPU
		{017EB75E-1938-41FB-A1E5-090F9919B4DD}.Release|x86.ActiveCfg = Release|Any CPU
		{017EB75E-1938-41FB-A1E5-090F9919B4DD}.Release|x86.Build.0 = Release|Any CPU
		{017EB75E-1938-41FB-A1E5-090F9919B4DD}.Test|Any CPU.ActiveCfg = Debug|Any CPU
		{017EB75E-1938-41FB-A1E5-090F9919B4DD}.Test|Any CPU.Build.0 = Debug|Any CPU
		{017EB75E-1938-41FB-A1E5-090F9919B4DD}.Test|x64.ActiveCfg = Release|Any CPU
		{017EB75E-1938-41FB-A1E5-090F9919B4DD}.Test|x64.Build.0 = Release|Any CPU
		{017EB75E-1938-41FB-A1E5-090F9919B4DD}.Test|x86.ActiveCfg = Release|Any CPU
		{017EB75E-1938-41FB-A1E5-090F9919B4DD}.Test|x86.Build.0 = Release|Any CPU
		{03D99C52-E4E7-4A73-BC0B-C421D854A34C}.Debug|Any CPU.ActiveCfg = Debug|x64
		{03D99C52-E4E7-4A73-BC0B-C421D854A34C}.Debug|x64.ActiveCfg = Debug|x64
		{03D99C52-E4E7-4A73-BC0B-C421D854A34C}.Debug|x64.Build.0 = Debug|x64
		{03D99C52-E4E7-4A73-BC0B-C421D854A34C}.Debug|x86.ActiveCfg = Debug|Win32
		{03D99C52-E4E7-4A73-BC0B-C421D854A34C}.Debug|x86.Build.0 = Debug|Win32
		{03D99C52-E4E7-4A73-BC0B-C421D854A34C}.Release|Any CPU.ActiveCfg = Release|x64
		{03D99C52-E4E7-4A73-BC0B-C421D854A34C}.Release|Any CPU.Build.0 = Release|x64
		{03D99C52-E4E7-4A73-BC0B-C421D854A34C}.Release|x64.ActiveCfg = Release|x64
		{03D99C52-E4E7-4A73-BC0B-C421D854A34C}.Release|x64.Build.0 = Release|x64
		{03D99C52-E4E7-4A73-BC0B-C421D854A34C}.Release|x86.ActiveCfg = Release|Win32
		{03D99C52-E4E7-4A73-BC0B-C421D854A34C}.Release|x86.Build.0 = Release|Win32
		{03D99C52-E4E7-4A73-BC0B-C421D854A34C}.Test|Any CPU.ActiveCfg = Test|x64
		{03D99C52-E4E7-4A73-BC0B-C421D854A34C}.Test|Any CPU.Build.0 = Test|x64
		{03D99C52-E4E7-4A73-BC0B-C421D854A34C}.Test|x64.ActiveCfg = Test|x64
		{03D99C52-E4E7-4A73-BC0B-C421D854A34C}.Test|x64.Build.0 = Test|x64
		{03D99C52-E4E7-4A73-BC0B-C421D854A34C}.Test|x86.ActiveCfg = Test|Win32
		{03D99C52-E4E7-4A73-BC0B-C421D854A34C}.Test|x86.Build.0 = Test|Win32
	EndGlobalSection
	GlobalSection(SolutionProperties) = preSolution
		HideSolutionNode = FALSE
	EndGlobalSection
	GlobalSection(ExtensibilityGlobals) = postSolution
		SolutionGuid = {536DDBD8-C9F6-49EE-B310-191E2E0AA705}
	EndGlobalSection
EndGlobal
